
Microsoft Visual Studio Solution File, Format Version 12.00
# Visual Studio Version 17
VisualStudioVersion = 17.2.32630.192
MinimumVisualStudioVersion = 10.0.40219.1
Project("{9A19103F-16F7-4668-BE54-9A1E7A4F7556}") = "R5T.L0053.Construction", "R5T.L0053.Construction\R5T.L0053.Construction.csproj", "{4CF435F6-B98B-4A31-9191-68F25FCB4DFB}"
EndProject
Project("{9A19103F-16F7-4668-BE54-9A1E7A4F7556}") = "R5T.L0053", "R5T.L0053\R5T.L0053.csproj", "{ECCFCCD0-3729-459F-8FCF-593101891605}"
EndProject
Project("{2150E333-8FDC-42A3-9474-1A3956D46DE8}") = "_Dependencies", "_Dependencies", "{70A9B7D8-8B6F-4020-AAF7-3AB5D35DDA49}"
EndProject
Project("{9A19103F-16F7-4668-BE54-9A1E7A4F7556}") = "R5T.T0132", "..\..\R5T.T0132\source\R5T.T0132\R5T.T0132.csproj", "{220F1AAB-CAD8-47B3-AFFA-1D9884926F52}"
EndProject
Project("{9A19103F-16F7-4668-BE54-9A1E7A4F7556}") = "R5T.T0143", "..\..\R5T.T0143\source\R5T.T0143\R5T.T0143.csproj", "{5BC74D57-C2B8-4A69-919D-AA342F606CB3}"
EndProject
Project("{9A19103F-16F7-4668-BE54-9A1E7A4F7556}") = "R5T.T0131", "..\..\R5T.T0131\source\R5T.T0131\R5T.T0131.csproj", "{EBDE89BF-B4BB-4454-BC39-FD35A46FD746}"
EndProject
Global
	GlobalSection(NestedProjects) = preSolution
		{220F1AAB-CAD8-47B3-AFFA-1D9884926F52} = {70A9B7D8-8B6F-4020-AAF7-3AB5D35DDA49}
		{5BC74D57-C2B8-4A69-919D-AA342F606CB3} = {70A9B7D8-8B6F-4020-AAF7-3AB5D35DDA49}
		{EBDE89BF-B4BB-4454-BC39-FD35A46FD746} = {70A9B7D8-8B6F-4020-AAF7-3AB5D35DDA49}
	EndGlobalSection
	GlobalSection(SolutionConfigurationPlatforms) = preSolution
		Debug|Any CPU = Debug|Any CPU
		Release|Any CPU = Release|Any CPU
	EndGlobalSection
	GlobalSection(ProjectConfigurationPlatforms) = postSolution
		{4CF435F6-B98B-4A31-9191-68F25FCB4DFB}.Debug|Any CPU.ActiveCfg = Debug|Any CPU
		{4CF435F6-B98B-4A31-9191-68F25FCB4DFB}.Debug|Any CPU.Build.0 = Debug|Any CPU
		{4CF435F6-B98B-4A31-9191-68F25FCB4DFB}.Release|Any CPU.ActiveCfg = Release|Any CPU
		{4CF435F6-B98B-4A31-9191-68F25FCB4DFB}.Release|Any CPU.Build.0 = Release|Any CPU
		{ECCFCCD0-3729-459F-8FCF-593101891605}.Debug|Any CPU.ActiveCfg = Debug|Any CPU
		{ECCFCCD0-3729-459F-8FCF-593101891605}.Debug|Any CPU.Build.0 = Debug|Any CPU
		{ECCFCCD0-3729-459F-8FCF-593101891605}.Release|Any CPU.ActiveCfg = Release|Any CPU
		{ECCFCCD0-3729-459F-8FCF-593101891605}.Release|Any CPU.Build.0 = Release|Any CPU
		{220F1AAB-CAD8-47B3-AFFA-1D9884926F52}.Debug|Any CPU.ActiveCfg = Debug|Any CPU
		{220F1AAB-CAD8-47B3-AFFA-1D9884926F52}.Debug|Any CPU.Build.0 = Debug|Any CPU
		{220F1AAB-CAD8-47B3-AFFA-1D9884926F52}.Release|Any CPU.ActiveCfg = Release|Any CPU
		{220F1AAB-CAD8-47B3-AFFA-1D9884926F52}.Release|Any CPU.Build.0 = Release|Any CPU
		{5BC74D57-C2B8-4A69-919D-AA342F606CB3}.Debug|Any CPU.ActiveCfg = Debug|Any CPU
		{5BC74D57-C2B8-4A69-919D-AA342F606CB3}.Debug|Any CPU.Build.0 = Debug|Any CPU
		{5BC74D57-C2B8-4A69-919D-AA342F606CB3}.Release|Any CPU.ActiveCfg = Release|Any CPU
		{5BC74D57-C2B8-4A69-919D-AA342F606CB3}.Release|Any CPU.Build.0 = Release|Any CPU
		{EBDE89BF-B4BB-4454-BC39-FD35A46FD746}.Debug|Any CPU.ActiveCfg = Debug|Any CPU
		{EBDE89BF-B4BB-4454-BC39-FD35A46FD746}.Debug|Any CPU.Build.0 = Debug|Any CPU
		{EBDE89BF-B4BB-4454-BC39-FD35A46FD746}.Release|Any CPU.ActiveCfg = Release|Any CPU
		{EBDE89BF-B4BB-4454-BC39-FD35A46FD746}.Release|Any CPU.Build.0 = Release|Any CPU
	EndGlobalSection
	GlobalSection(SolutionProperties) = preSolution
		HideSolutionNode = FALSE
	EndGlobalSection
	GlobalSection(ExtensibilityGlobals) = postSolution
		SolutionGuid = {E0621224-8D34-421E-AD25-865533EF2512}
	EndGlobalSection
EndGlobal
