
Microsoft Visual Studio Solution File, Format Version 12.00
# Visual Studio Version 17
VisualStudioVersion = 17.2.32630.192
MinimumVisualStudioVersion = 10.0.40219.1
Project("{9A19103F-16F7-4668-BE54-9A1E7A4F7556}") = "R5T.L0053.Construction", "R5T.L0053.Construction\R5T.L0053.Construction.csproj", "{4CF435F6-B98B-4A31-9191-68F25FCB4DFB}"
EndProject
Project("{9A19103F-16F7-4668-BE54-9A1E7A4F7556}") = "R5T.L0053", "R5T.L0053\R5T.L0053.csproj", "{ECCFCCD0-3729-459F-8FCF-593101891605}"
EndProject
Project("{2150E333-8FDC-42A3-9474-1A3956D46DE8}") = "_Dependencies", "_Dependencies", "{70A9B7D8-8B6F-4020-AAF7-3AB5D35DDA49}"
EndProject
Project("{9A19103F-16F7-4668-BE54-9A1E7A4F7556}") = "R5T.T0132", "..\..\R5T.T0132\source\R5T.T0132\R5T.T0132.csproj", "{220F1AAB-CAD8-47B3-AFFA-1D9884926F52}"
EndProject
Project("{9A19103F-16F7-4668-BE54-9A1E7A4F7556}") = "R5T.T0143", "..\..\R5T.T0143\source\R5T.T0143\R5T.T0143.csproj", "{5BC74D57-C2B8-4A69-919D-AA342F606CB3}"
EndProject
Project("{9A19103F-16F7-4668-BE54-9A1E7A4F7556}") = "R5T.T0131", "..\..\R5T.T0131\source\R5T.T0131\R5T.T0131.csproj", "{EBDE89BF-B4BB-4454-BC39-FD35A46FD746}"
EndProject
Project("{9A19103F-16F7-4668-BE54-9A1E7A4F7556}") = "R5T.L0066", "..\..\R5T.L0066\source\R5T.L0066\R5T.L0066.csproj", "{EF154AFD-A92A-41F6-9DCB-4D931F304AFB}"
EndProject
Project("{9A19103F-16F7-4668-BE54-9A1E7A4F7556}") = "R5T.T0142", "..\..\R5T.T0142\source\R5T.T0142\R5T.T0142.csproj", "{1B475029-9763-48F1-B097-403F38B19B34}"
EndProject
Project("{9A19103F-16F7-4668-BE54-9A1E7A4F7556}") = "R5T.T0156", "..\..\R5T.T0156\source\R5T.T0156\R5T.T0156.csproj", "{49FE4B9F-3B28-425D-904B-F9724ADBC70E}"
EndProject
Project("{9A19103F-16F7-4668-BE54-9A1E7A4F7556}") = "R5T.T0241", "..\..\R5T.T0241\source\R5T.T0241\R5T.T0241.csproj", "{81A36834-EAB4-4ECB-93EE-B56FCA47F963}"
EndProject
Project("{9A19103F-16F7-4668-BE54-9A1E7A4F7556}") = "R5T.Y0000", "..\..\R5T.Y0000\source\R5T.Y0000\R5T.Y0000.csproj", "{085EA176-2288-48E7-9592-ADFF95E29944}"
EndProject
Project("{9A19103F-16F7-4668-BE54-9A1E7A4F7556}") = "R5T.Y0006", "..\..\R5T.Y0006\source\R5T.Y0006\R5T.Y0006.csproj", "{A5E3747F-A0B0-42AE-838F-BC5E91489B65}"
EndProject
Project("{9A19103F-16F7-4668-BE54-9A1E7A4F7556}") = "R5T.Z0000", "..\..\R5T.Z0000\source\R5T.Z0000\R5T.Z0000.csproj", "{7D200F93-866F-446D-B3AF-4C5666A82C99}"
EndProject
Project("{9A19103F-16F7-4668-BE54-9A1E7A4F7556}") = "R5T.Z0010.Platform", "..\..\R5T.Z0010\source\R5T.Z0010.Platform\R5T.Z0010.Platform.csproj", "{5A0FB0D8-4797-4282-87A0-D74922332576}"
EndProject
Project("{9A19103F-16F7-4668-BE54-9A1E7A4F7556}") = "R5T.T0251", "..\..\R5T.T0251\source\R5T.T0251\R5T.T0251.csproj", "{08483226-94FA-4344-AC6B-754BEB705D77}"
EndProject
Global
	GlobalSection(NestedProjects) = preSolution
		{220F1AAB-CAD8-47B3-AFFA-1D9884926F52} = {70A9B7D8-8B6F-4020-AAF7-3AB5D35DDA49}
		{5BC74D57-C2B8-4A69-919D-AA342F606CB3} = {70A9B7D8-8B6F-4020-AAF7-3AB5D35DDA49}
		{EBDE89BF-B4BB-4454-BC39-FD35A46FD746} = {70A9B7D8-8B6F-4020-AAF7-3AB5D35DDA49}
		{EF154AFD-A92A-41F6-9DCB-4D931F304AFB} = {70A9B7D8-8B6F-4020-AAF7-3AB5D35DDA49}
		{1B475029-9763-48F1-B097-403F38B19B34} = {70A9B7D8-8B6F-4020-AAF7-3AB5D35DDA49}
		{49FE4B9F-3B28-425D-904B-F9724ADBC70E} = {70A9B7D8-8B6F-4020-AAF7-3AB5D35DDA49}
		{81A36834-EAB4-4ECB-93EE-B56FCA47F963} = {70A9B7D8-8B6F-4020-AAF7-3AB5D35DDA49}
		{085EA176-2288-48E7-9592-ADFF95E29944} = {70A9B7D8-8B6F-4020-AAF7-3AB5D35DDA49}
		{A5E3747F-A0B0-42AE-838F-BC5E91489B65} = {70A9B7D8-8B6F-4020-AAF7-3AB5D35DDA49}
		{7D200F93-866F-446D-B3AF-4C5666A82C99} = {70A9B7D8-8B6F-4020-AAF7-3AB5D35DDA49}
		{5A0FB0D8-4797-4282-87A0-D74922332576} = {70A9B7D8-8B6F-4020-AAF7-3AB5D35DDA49}
		{08483226-94FA-4344-AC6B-754BEB705D77} = {70A9B7D8-8B6F-4020-AAF7-3AB5D35DDA49}
	EndGlobalSection
	GlobalSection(SolutionConfigurationPlatforms) = preSolution
		Debug|Any CPU = Debug|Any CPU
		Release|Any CPU = Release|Any CPU
	EndGlobalSection
	GlobalSection(ProjectConfigurationPlatforms) = postSolution
		{4CF435F6-B98B-4A31-9191-68F25FCB4DFB}.Debug|Any CPU.ActiveCfg = Debug|Any CPU
		{4CF435F6-B98B-4A31-9191-68F25FCB4DFB}.Debug|Any CPU.Build.0 = Debug|Any CPU
		{4CF435F6-B98B-4A31-9191-68F25FCB4DFB}.Release|Any CPU.ActiveCfg = Release|Any CPU
		{4CF435F6-B98B-4A31-9191-68F25FCB4DFB}.Release|Any CPU.Build.0 = Release|Any CPU
		{ECCFCCD0-3729-459F-8FCF-593101891605}.Debug|Any CPU.ActiveCfg = Debug|Any CPU
		{ECCFCCD0-3729-459F-8FCF-593101891605}.Debug|Any CPU.Build.0 = Debug|Any CPU
		{ECCFCCD0-3729-459F-8FCF-593101891605}.Release|Any CPU.ActiveCfg = Release|Any CPU
		{ECCFCCD0-3729-459F-8FCF-593101891605}.Release|Any CPU.Build.0 = Release|Any CPU
		{220F1AAB-CAD8-47B3-AFFA-1D9884926F52}.Debug|Any CPU.ActiveCfg = Debug|Any CPU
		{220F1AAB-CAD8-47B3-AFFA-1D9884926F52}.Debug|Any CPU.Build.0 = Debug|Any CPU
		{220F1AAB-CAD8-47B3-AFFA-1D9884926F52}.Release|Any CPU.ActiveCfg = Release|Any CPU
		{220F1AAB-CAD8-47B3-AFFA-1D9884926F52}.Release|Any CPU.Build.0 = Release|Any CPU
		{5BC74D57-C2B8-4A69-919D-AA342F606CB3}.Debug|Any CPU.ActiveCfg = Debug|Any CPU
		{5BC74D57-C2B8-4A69-919D-AA342F606CB3}.Debug|Any CPU.Build.0 = Debug|Any CPU
		{5BC74D57-C2B8-4A69-919D-AA342F606CB3}.Release|Any CPU.ActiveCfg = Release|Any CPU
		{5BC74D57-C2B8-4A69-919D-AA342F606CB3}.Release|Any CPU.Build.0 = Release|Any CPU
		{EBDE89BF-B4BB-4454-BC39-FD35A46FD746}.Debug|Any CPU.ActiveCfg = Debug|Any CPU
		{EBDE89BF-B4BB-4454-BC39-FD35A46FD746}.Debug|Any CPU.Build.0 = Debug|Any CPU
		{EBDE89BF-B4BB-4454-BC39-FD35A46FD746}.Release|Any CPU.ActiveCfg = Release|Any CPU
		{EBDE89BF-B4BB-4454-BC39-FD35A46FD746}.Release|Any CPU.Build.0 = Release|Any CPU
		{EF154AFD-A92A-41F6-9DCB-4D931F304AFB}.Debug|Any CPU.ActiveCfg = Debug|Any CPU
		{EF154AFD-A92A-41F6-9DCB-4D931F304AFB}.Debug|Any CPU.Build.0 = Debug|Any CPU
		{EF154AFD-A92A-41F6-9DCB-4D931F304AFB}.Release|Any CPU.ActiveCfg = Release|Any CPU
		{EF154AFD-A92A-41F6-9DCB-4D931F304AFB}.Release|Any CPU.Build.0 = Release|Any CPU
		{1B475029-9763-48F1-B097-403F38B19B34}.Debug|Any CPU.ActiveCfg = Debug|Any CPU
		{1B475029-9763-48F1-B097-403F38B19B34}.Debug|Any CPU.Build.0 = Debug|Any CPU
		{1B475029-9763-48F1-B097-403F38B19B34}.Release|Any CPU.ActiveCfg = Release|Any CPU
		{1B475029-9763-48F1-B097-403F38B19B34}.Release|Any CPU.Build.0 = Release|Any CPU
		{49FE4B9F-3B28-425D-904B-F9724ADBC70E}.Debug|Any CPU.ActiveCfg = Debug|Any CPU
		{49FE4B9F-3B28-425D-904B-F9724ADBC70E}.Debug|Any CPU.Build.0 = Debug|Any CPU
		{49FE4B9F-3B28-425D-904B-F9724ADBC70E}.Release|Any CPU.ActiveCfg = Release|Any CPU
		{49FE4B9F-3B28-425D-904B-F9724ADBC70E}.Release|Any CPU.Build.0 = Release|Any CPU
		{81A36834-EAB4-4ECB-93EE-B56FCA47F963}.Debug|Any CPU.ActiveCfg = Debug|Any CPU
		{81A36834-EAB4-4ECB-93EE-B56FCA47F963}.Debug|Any CPU.Build.0 = Debug|Any CPU
		{81A36834-EAB4-4ECB-93EE-B56FCA47F963}.Release|Any CPU.ActiveCfg = Release|Any CPU
		{81A36834-EAB4-4ECB-93EE-B56FCA47F963}.Release|Any CPU.Build.0 = Release|Any CPU
		{085EA176-2288-48E7-9592-ADFF95E29944}.Debug|Any CPU.ActiveCfg = Debug|Any CPU
		{085EA176-2288-48E7-9592-ADFF95E29944}.Debug|Any CPU.Build.0 = Debug|Any CPU
		{085EA176-2288-48E7-9592-ADFF95E29944}.Release|Any CPU.ActiveCfg = Release|Any CPU
		{085EA176-2288-48E7-9592-ADFF95E29944}.Release|Any CPU.Build.0 = Release|Any CPU
		{A5E3747F-A0B0-42AE-838F-BC5E91489B65}.Debug|Any CPU.ActiveCfg = Debug|Any CPU
		{A5E3747F-A0B0-42AE-838F-BC5E91489B65}.Debug|Any CPU.Build.0 = Debug|Any CPU
		{A5E3747F-A0B0-42AE-838F-BC5E91489B65}.Release|Any CPU.ActiveCfg = Release|Any CPU
		{A5E3747F-A0B0-42AE-838F-BC5E91489B65}.Release|Any CPU.Build.0 = Release|Any CPU
		{7D200F93-866F-446D-B3AF-4C5666A82C99}.Debug|Any CPU.ActiveCfg = Debug|Any CPU
		{7D200F93-866F-446D-B3AF-4C5666A82C99}.Debug|Any CPU.Build.0 = Debug|Any CPU
		{7D200F93-866F-446D-B3AF-4C5666A82C99}.Release|Any CPU.ActiveCfg = Release|Any CPU
		{7D200F93-866F-446D-B3AF-4C5666A82C99}.Release|Any CPU.Build.0 = Release|Any CPU
		{5A0FB0D8-4797-4282-87A0-D74922332576}.Debug|Any CPU.ActiveCfg = Debug|Any CPU
		{5A0FB0D8-4797-4282-87A0-D74922332576}.Debug|Any CPU.Build.0 = Debug|Any CPU
		{5A0FB0D8-4797-4282-87A0-D74922332576}.Release|Any CPU.ActiveCfg = Release|Any CPU
		{5A0FB0D8-4797-4282-87A0-D74922332576}.Release|Any CPU.Build.0 = Release|Any CPU
		{08483226-94FA-4344-AC6B-754BEB705D77}.Debug|Any CPU.ActiveCfg = Debug|Any CPU
		{08483226-94FA-4344-AC6B-754BEB705D77}.Debug|Any CPU.Build.0 = Debug|Any CPU
		{08483226-94FA-4344-AC6B-754BEB705D77}.Release|Any CPU.ActiveCfg = Release|Any CPU
		{08483226-94FA-4344-AC6B-754BEB705D77}.Release|Any CPU.Build.0 = Release|Any CPU
	EndGlobalSection
	GlobalSection(SolutionProperties) = preSolution
		HideSolutionNode = FALSE
	EndGlobalSection
	GlobalSection(ExtensibilityGlobals) = postSolution
		SolutionGuid = {E0621224-8D34-421E-AD25-865533EF2512}
	EndGlobalSection
EndGlobal
