
Microsoft Visual Studio Solution File, Format Version 12.00
# Visual Studio Version 17
VisualStudioVersion = 17.2.32630.192
MinimumVisualStudioVersion = 10.0.40219.1
Project("{9A19103F-16F7-4668-BE54-9A1E7A4F7556}") = "R5T.L0053", "R5T.L0053\R5T.L0053.csproj", "{274CAC05-9627-49F8-9DAD-D829A2ACDD8A}"
EndProject
Project("{2150E333-8FDC-42A3-9474-1A3956D46DE8}") = "_Dependencies", "_Dependencies", "{8368B7E3-1371-4556-BEEC-EEEBDC02E531}"
EndProject
Project("{9A19103F-16F7-4668-BE54-9A1E7A4F7556}") = "R5T.T0132", "..\..\R5T.T0132\source\R5T.T0132\R5T.T0132.csproj", "{0DE1C61D-8725-4EC1-B8D7-9ACE64AADCEB}"
EndProject
Project("{9A19103F-16F7-4668-BE54-9A1E7A4F7556}") = "R5T.T0143", "..\..\R5T.T0143\source\R5T.T0143\R5T.T0143.csproj", "{2DBBFE5D-226D-4A45-9E08-4411A713A8DB}"
EndProject
Project("{9A19103F-16F7-4668-BE54-9A1E7A4F7556}") = "R5T.T0131", "..\..\R5T.T0131\source\R5T.T0131\R5T.T0131.csproj", "{662A5197-423C-4CE5-872D-30C2D21C246B}"
EndProject
Global
	GlobalSection(NestedProjects) = preSolution
		{0DE1C61D-8725-4EC1-B8D7-9ACE64AADCEB} = {8368B7E3-1371-4556-BEEC-EEEBDC02E531}
		{2DBBFE5D-226D-4A45-9E08-4411A713A8DB} = {8368B7E3-1371-4556-BEEC-EEEBDC02E531}
		{662A5197-423C-4CE5-872D-30C2D21C246B} = {8368B7E3-1371-4556-BEEC-EEEBDC02E531}
	EndGlobalSection
	GlobalSection(SolutionConfigurationPlatforms) = preSolution
		Debug|Any CPU = Debug|Any CPU
		Release|Any CPU = Release|Any CPU
	EndGlobalSection
	GlobalSection(ProjectConfigurationPlatforms) = postSolution
		{274CAC05-9627-49F8-9DAD-D829A2ACDD8A}.Debug|Any CPU.ActiveCfg = Debug|Any CPU
		{274CAC05-9627-49F8-9DAD-D829A2ACDD8A}.Debug|Any CPU.Build.0 = Debug|Any CPU
		{274CAC05-9627-49F8-9DAD-D829A2ACDD8A}.Release|Any CPU.ActiveCfg = Release|Any CPU
		{274CAC05-9627-49F8-9DAD-D829A2ACDD8A}.Release|Any CPU.Build.0 = Release|Any CPU
		{0DE1C61D-8725-4EC1-B8D7-9ACE64AADCEB}.Debug|Any CPU.ActiveCfg = Debug|Any CPU
		{0DE1C61D-8725-4EC1-B8D7-9ACE64AADCEB}.Debug|Any CPU.Build.0 = Debug|Any CPU
		{0DE1C61D-8725-4EC1-B8D7-9ACE64AADCEB}.Release|Any CPU.ActiveCfg = Release|Any CPU
		{0DE1C61D-8725-4EC1-B8D7-9ACE64AADCEB}.Release|Any CPU.Build.0 = Release|Any CPU
		{2DBBFE5D-226D-4A45-9E08-4411A713A8DB}.Debug|Any CPU.ActiveCfg = Debug|Any CPU
		{2DBBFE5D-226D-4A45-9E08-4411A713A8DB}.Debug|Any CPU.Build.0 = Debug|Any CPU
		{2DBBFE5D-226D-4A45-9E08-4411A713A8DB}.Release|Any CPU.ActiveCfg = Release|Any CPU
		{2DBBFE5D-226D-4A45-9E08-4411A713A8DB}.Release|Any CPU.Build.0 = Release|Any CPU
		{662A5197-423C-4CE5-872D-30C2D21C246B}.Debug|Any CPU.ActiveCfg = Debug|Any CPU
		{662A5197-423C-4CE5-872D-30C2D21C246B}.Debug|Any CPU.Build.0 = Debug|Any CPU
		{662A5197-423C-4CE5-872D-30C2D21C246B}.Release|Any CPU.ActiveCfg = Release|Any CPU
		{662A5197-423C-4CE5-872D-30C2D21C246B}.Release|Any CPU.Build.0 = Release|Any CPU
	EndGlobalSection
	GlobalSection(SolutionProperties) = preSolution
		HideSolutionNode = FALSE
	EndGlobalSection
	GlobalSection(ExtensibilityGlobals) = postSolution
		SolutionGuid = {0E5C5C6B-1EDD-4BBC-BCFE-F318C477E1C2}
	EndGlobalSection
EndGlobal
