
Microsoft Visual Studio Solution File, Format Version 12.00
# Visual Studio Version 17
VisualStudioVersion = 17.2.32630.192
MinimumVisualStudioVersion = 10.0.40219.1
Project("{9A19103F-16F7-4668-BE54-9A1E7A4F7556}") = "R5T.L0053", "R5T.L0053\R5T.L0053.csproj", "{274CAC05-9627-49F8-9DAD-D829A2ACDD8A}"
EndProject
Project("{2150E333-8FDC-42A3-9474-1A3956D46DE8}") = "_Dependencies", "_Dependencies", "{8368B7E3-1371-4556-BEEC-EEEBDC02E531}"
EndProject
Project("{9A19103F-16F7-4668-BE54-9A1E7A4F7556}") = "R5T.T0132", "..\..\R5T.T0132\source\R5T.T0132\R5T.T0132.csproj", "{0DE1C61D-8725-4EC1-B8D7-9ACE64AADCEB}"
EndProject
Project("{9A19103F-16F7-4668-BE54-9A1E7A4F7556}") = "R5T.T0143", "..\..\R5T.T0143\source\R5T.T0143\R5T.T0143.csproj", "{2DBBFE5D-226D-4A45-9E08-4411A713A8DB}"
EndProject
Project("{9A19103F-16F7-4668-BE54-9A1E7A4F7556}") = "R5T.T0131", "..\..\R5T.T0131\source\R5T.T0131\R5T.T0131.csproj", "{662A5197-423C-4CE5-872D-30C2D21C246B}"
EndProject
Project("{9A19103F-16F7-4668-BE54-9A1E7A4F7556}") = "F10Y.L0000", "..\..\..\Functionairy\F10Y.L0000\source\F10Y.L0000\F10Y.L0000.csproj", "{015C5583-8D64-4FD6-ACAA-F8A8588ACA9A}"
EndProject
Project("{9A19103F-16F7-4668-BE54-9A1E7A4F7556}") = "F10Y.L0001.L001", "..\..\..\Functionairy\F10Y.L0001\source\F10Y.L0001.L001\F10Y.L0001.L001.csproj", "{F2B277EB-49AA-44F2-8921-4526F4670A72}"
EndProject
Project("{9A19103F-16F7-4668-BE54-9A1E7A4F7556}") = "F10Y.L0001.L002", "..\..\..\Functionairy\F10Y.L0001\source\F10Y.L0001.L002\F10Y.L0001.L002.csproj", "{B9A56510-4354-4456-A396-EF612B60DC81}"
EndProject
Project("{9A19103F-16F7-4668-BE54-9A1E7A4F7556}") = "F10Y.L0001.T000", "..\..\..\Functionairy\F10Y.L0001\source\F10Y.L0001.T000\F10Y.L0001.T000.csproj", "{9C5E8DC3-3195-451B-91A8-5227585156C0}"
EndProject
Project("{9A19103F-16F7-4668-BE54-9A1E7A4F7556}") = "F10Y.L0001.Z000", "..\..\..\Functionairy\F10Y.L0001\source\F10Y.L0001.Z000\F10Y.L0001.Z000.csproj", "{13B25863-C35B-47D9-BE38-C14FE72443F1}"
EndProject
Project("{9A19103F-16F7-4668-BE54-9A1E7A4F7556}") = "F10Y.L0001", "..\..\..\Functionairy\F10Y.L0001\source\F10Y.L0001\F10Y.L0001.csproj", "{A402833E-3C58-42EC-A9B8-A63F66CC335D}"
EndProject
Project("{9A19103F-16F7-4668-BE54-9A1E7A4F7556}") = "F10Y.L0005.T001", "..\..\..\Functionairy\F10Y.L0005\source\F10Y.L0005.T001\F10Y.L0005.T001.csproj", "{12250B50-D2BB-41D5-B808-3C36D841392B}"
EndProject
Project("{9A19103F-16F7-4668-BE54-9A1E7A4F7556}") = "F10Y.L0005", "..\..\..\Functionairy\F10Y.L0005\source\F10Y.L0005\F10Y.L0005.csproj", "{393A102E-28A7-4D9E-B58A-7AB327A85EF0}"
EndProject
Project("{9A19103F-16F7-4668-BE54-9A1E7A4F7556}") = "F10Y.T0000", "..\..\..\Functionairy\F10Y.T0000\source\F10Y.T0000\F10Y.T0000.csproj", "{84EBEB5D-74DB-423A-9708-75F6EDA18743}"
EndProject
Project("{9A19103F-16F7-4668-BE54-9A1E7A4F7556}") = "F10Y.T0001", "..\..\..\Functionairy\F10Y.T0001\source\F10Y.T0001\F10Y.T0001.csproj", "{52EA6193-992D-485E-86CD-ABA344A7A3E4}"
EndProject
Project("{9A19103F-16F7-4668-BE54-9A1E7A4F7556}") = "F10Y.T0002", "..\..\..\Functionairy\F10Y.T0002\source\F10Y.T0002\F10Y.T0002.csproj", "{A98FED34-620A-4838-9EAE-AF29B3B0EE11}"
EndProject
Project("{9A19103F-16F7-4668-BE54-9A1E7A4F7556}") = "F10Y.T0003", "..\..\..\Functionairy\F10Y.T0003\source\F10Y.T0003\F10Y.T0003.csproj", "{D14E72A5-2C94-4DAE-BD4B-BDAD34BF78FA}"
EndProject
Project("{9A19103F-16F7-4668-BE54-9A1E7A4F7556}") = "F10Y.T0004", "..\..\..\Functionairy\F10Y.T0004\source\F10Y.T0004\F10Y.T0004.csproj", "{4F017B20-61DB-4561-8CAF-72E6E2483F09}"
EndProject
Project("{9A19103F-16F7-4668-BE54-9A1E7A4F7556}") = "F10Y.T0009", "..\..\..\Functionairy\F10Y.T0009\source\F10Y.T0009\F10Y.T0009.csproj", "{2EDA6580-D9B2-4CD7-AD32-C0EEBEBFA710}"
EndProject
Project("{9A19103F-16F7-4668-BE54-9A1E7A4F7556}") = "F10Y.T0011", "..\..\..\Functionairy\F10Y.T0011\source\F10Y.T0011\F10Y.T0011.csproj", "{DCB62C60-1D0F-4405-8ECE-DDCED0BF5E0E}"
EndProject
Project("{9A19103F-16F7-4668-BE54-9A1E7A4F7556}") = "F10Y.Y0000", "..\..\..\Functionairy\F10Y.Y0000\source\F10Y.Y0000\F10Y.Y0000.csproj", "{764DFB3D-6141-42E5-98BD-6E979E1BAAB5}"
EndProject
Project("{9A19103F-16F7-4668-BE54-9A1E7A4F7556}") = "R5T.L0066", "..\..\R5T.L0066\source\R5T.L0066\R5T.L0066.csproj", "{95CCFF6B-8695-4DE4-AAE2-D731FBAD64DA}"
EndProject
Project("{9A19103F-16F7-4668-BE54-9A1E7A4F7556}") = "R5T.T0142", "..\..\R5T.T0142\source\R5T.T0142\R5T.T0142.csproj", "{46BB6856-9999-404D-B3E9-8A44217C0D19}"
EndProject
Project("{9A19103F-16F7-4668-BE54-9A1E7A4F7556}") = "R5T.T0156", "..\..\R5T.T0156\source\R5T.T0156\R5T.T0156.csproj", "{E6D626AD-AC57-4DA2-992A-E049F4219F31}"
EndProject
Project("{9A19103F-16F7-4668-BE54-9A1E7A4F7556}") = "R5T.T0241", "..\..\R5T.T0241\source\R5T.T0241\R5T.T0241.csproj", "{CF72855D-DF36-4ABB-9853-3F4308931677}"
EndProject
Project("{9A19103F-16F7-4668-BE54-9A1E7A4F7556}") = "R5T.Y0000", "..\..\R5T.Y0000\source\R5T.Y0000\R5T.Y0000.csproj", "{DEE4CF7F-E314-466E-987B-FA4FD811C6FF}"
EndProject
Project("{9A19103F-16F7-4668-BE54-9A1E7A4F7556}") = "R5T.Y0006", "..\..\R5T.Y0006\source\R5T.Y0006\R5T.Y0006.csproj", "{200EBF2D-3E60-4B58-8AA8-ADD06278FFE2}"
EndProject
Project("{9A19103F-16F7-4668-BE54-9A1E7A4F7556}") = "R5T.Z0000", "..\..\R5T.Z0000\source\R5T.Z0000\R5T.Z0000.csproj", "{633F8393-33D2-40E9-B699-10E6E37B674D}"
EndProject
Global
	GlobalSection(NestedProjects) = preSolution
		{0DE1C61D-8725-4EC1-B8D7-9ACE64AADCEB} = {8368B7E3-1371-4556-BEEC-EEEBDC02E531}
		{2DBBFE5D-226D-4A45-9E08-4411A713A8DB} = {8368B7E3-1371-4556-BEEC-EEEBDC02E531}
		{662A5197-423C-4CE5-872D-30C2D21C246B} = {8368B7E3-1371-4556-BEEC-EEEBDC02E531}
		{015C5583-8D64-4FD6-ACAA-F8A8588ACA9A} = {8368B7E3-1371-4556-BEEC-EEEBDC02E531}
		{F2B277EB-49AA-44F2-8921-4526F4670A72} = {8368B7E3-1371-4556-BEEC-EEEBDC02E531}
		{B9A56510-4354-4456-A396-EF612B60DC81} = {8368B7E3-1371-4556-BEEC-EEEBDC02E531}
		{9C5E8DC3-3195-451B-91A8-5227585156C0} = {8368B7E3-1371-4556-BEEC-EEEBDC02E531}
		{13B25863-C35B-47D9-BE38-C14FE72443F1} = {8368B7E3-1371-4556-BEEC-EEEBDC02E531}
		{A402833E-3C58-42EC-A9B8-A63F66CC335D} = {8368B7E3-1371-4556-BEEC-EEEBDC02E531}
		{12250B50-D2BB-41D5-B808-3C36D841392B} = {8368B7E3-1371-4556-BEEC-EEEBDC02E531}
		{393A102E-28A7-4D9E-B58A-7AB327A85EF0} = {8368B7E3-1371-4556-BEEC-EEEBDC02E531}
		{84EBEB5D-74DB-423A-9708-75F6EDA18743} = {8368B7E3-1371-4556-BEEC-EEEBDC02E531}
		{52EA6193-992D-485E-86CD-ABA344A7A3E4} = {8368B7E3-1371-4556-BEEC-EEEBDC02E531}
		{A98FED34-620A-4838-9EAE-AF29B3B0EE11} = {8368B7E3-1371-4556-BEEC-EEEBDC02E531}
		{D14E72A5-2C94-4DAE-BD4B-BDAD34BF78FA} = {8368B7E3-1371-4556-BEEC-EEEBDC02E531}
		{4F017B20-61DB-4561-8CAF-72E6E2483F09} = {8368B7E3-1371-4556-BEEC-EEEBDC02E531}
		{2EDA6580-D9B2-4CD7-AD32-C0EEBEBFA710} = {8368B7E3-1371-4556-BEEC-EEEBDC02E531}
		{DCB62C60-1D0F-4405-8ECE-DDCED0BF5E0E} = {8368B7E3-1371-4556-BEEC-EEEBDC02E531}
		{764DFB3D-6141-42E5-98BD-6E979E1BAAB5} = {8368B7E3-1371-4556-BEEC-EEEBDC02E531}
		{95CCFF6B-8695-4DE4-AAE2-D731FBAD64DA} = {8368B7E3-1371-4556-BEEC-EEEBDC02E531}
		{46BB6856-9999-404D-B3E9-8A44217C0D19} = {8368B7E3-1371-4556-BEEC-EEEBDC02E531}
		{E6D626AD-AC57-4DA2-992A-E049F4219F31} = {8368B7E3-1371-4556-BEEC-EEEBDC02E531}
		{CF72855D-DF36-4ABB-9853-3F4308931677} = {8368B7E3-1371-4556-BEEC-EEEBDC02E531}
		{DEE4CF7F-E314-466E-987B-FA4FD811C6FF} = {8368B7E3-1371-4556-BEEC-EEEBDC02E531}
		{200EBF2D-3E60-4B58-8AA8-ADD06278FFE2} = {8368B7E3-1371-4556-BEEC-EEEBDC02E531}
		{633F8393-33D2-40E9-B699-10E6E37B674D} = {8368B7E3-1371-4556-BEEC-EEEBDC02E531}
	EndGlobalSection
	GlobalSection(SolutionConfigurationPlatforms) = preSolution
		Debug|Any CPU = Debug|Any CPU
		Release|Any CPU = Release|Any CPU
	EndGlobalSection
	GlobalSection(ProjectConfigurationPlatforms) = postSolution
		{274CAC05-9627-49F8-9DAD-D829A2ACDD8A}.Debug|Any CPU.ActiveCfg = Debug|Any CPU
		{274CAC05-9627-49F8-9DAD-D829A2ACDD8A}.Debug|Any CPU.Build.0 = Debug|Any CPU
		{274CAC05-9627-49F8-9DAD-D829A2ACDD8A}.Release|Any CPU.ActiveCfg = Release|Any CPU
		{274CAC05-9627-49F8-9DAD-D829A2ACDD8A}.Release|Any CPU.Build.0 = Release|Any CPU
		{0DE1C61D-8725-4EC1-B8D7-9ACE64AADCEB}.Debug|Any CPU.ActiveCfg = Debug|Any CPU
		{0DE1C61D-8725-4EC1-B8D7-9ACE64AADCEB}.Debug|Any CPU.Build.0 = Debug|Any CPU
		{0DE1C61D-8725-4EC1-B8D7-9ACE64AADCEB}.Release|Any CPU.ActiveCfg = Release|Any CPU
		{0DE1C61D-8725-4EC1-B8D7-9ACE64AADCEB}.Release|Any CPU.Build.0 = Release|Any CPU
		{2DBBFE5D-226D-4A45-9E08-4411A713A8DB}.Debug|Any CPU.ActiveCfg = Debug|Any CPU
		{2DBBFE5D-226D-4A45-9E08-4411A713A8DB}.Debug|Any CPU.Build.0 = Debug|Any CPU
		{2DBBFE5D-226D-4A45-9E08-4411A713A8DB}.Release|Any CPU.ActiveCfg = Release|Any CPU
		{2DBBFE5D-226D-4A45-9E08-4411A713A8DB}.Release|Any CPU.Build.0 = Release|Any CPU
		{662A5197-423C-4CE5-872D-30C2D21C246B}.Debug|Any CPU.ActiveCfg = Debug|Any CPU
		{662A5197-423C-4CE5-872D-30C2D21C246B}.Debug|Any CPU.Build.0 = Debug|Any CPU
		{662A5197-423C-4CE5-872D-30C2D21C246B}.Release|Any CPU.ActiveCfg = Release|Any CPU
		{662A5197-423C-4CE5-872D-30C2D21C246B}.Release|Any CPU.Build.0 = Release|Any CPU
		{015C5583-8D64-4FD6-ACAA-F8A8588ACA9A}.Debug|Any CPU.ActiveCfg = Debug|Any CPU
		{015C5583-8D64-4FD6-ACAA-F8A8588ACA9A}.Debug|Any CPU.Build.0 = Debug|Any CPU
		{015C5583-8D64-4FD6-ACAA-F8A8588ACA9A}.Release|Any CPU.ActiveCfg = Release|Any CPU
		{015C5583-8D64-4FD6-ACAA-F8A8588ACA9A}.Release|Any CPU.Build.0 = Release|Any CPU
		{F2B277EB-49AA-44F2-8921-4526F4670A72}.Debug|Any CPU.ActiveCfg = Debug|Any CPU
		{F2B277EB-49AA-44F2-8921-4526F4670A72}.Debug|Any CPU.Build.0 = Debug|Any CPU
		{F2B277EB-49AA-44F2-8921-4526F4670A72}.Release|Any CPU.ActiveCfg = Release|Any CPU
		{F2B277EB-49AA-44F2-8921-4526F4670A72}.Release|Any CPU.Build.0 = Release|Any CPU
		{B9A56510-4354-4456-A396-EF612B60DC81}.Debug|Any CPU.ActiveCfg = Debug|Any CPU
		{B9A56510-4354-4456-A396-EF612B60DC81}.Debug|Any CPU.Build.0 = Debug|Any CPU
		{B9A56510-4354-4456-A396-EF612B60DC81}.Release|Any CPU.ActiveCfg = Release|Any CPU
		{B9A56510-4354-4456-A396-EF612B60DC81}.Release|Any CPU.Build.0 = Release|Any CPU
		{9C5E8DC3-3195-451B-91A8-5227585156C0}.Debug|Any CPU.ActiveCfg = Debug|Any CPU
		{9C5E8DC3-3195-451B-91A8-5227585156C0}.Debug|Any CPU.Build.0 = Debug|Any CPU
		{9C5E8DC3-3195-451B-91A8-5227585156C0}.Release|Any CPU.ActiveCfg = Release|Any CPU
		{9C5E8DC3-3195-451B-91A8-5227585156C0}.Release|Any CPU.Build.0 = Release|Any CPU
		{13B25863-C35B-47D9-BE38-C14FE72443F1}.Debug|Any CPU.ActiveCfg = Debug|Any CPU
		{13B25863-C35B-47D9-BE38-C14FE72443F1}.Debug|Any CPU.Build.0 = Debug|Any CPU
		{13B25863-C35B-47D9-BE38-C14FE72443F1}.Release|Any CPU.ActiveCfg = Release|Any CPU
		{13B25863-C35B-47D9-BE38-C14FE72443F1}.Release|Any CPU.Build.0 = Release|Any CPU
		{A402833E-3C58-42EC-A9B8-A63F66CC335D}.Debug|Any CPU.ActiveCfg = Debug|Any CPU
		{A402833E-3C58-42EC-A9B8-A63F66CC335D}.Debug|Any CPU.Build.0 = Debug|Any CPU
		{A402833E-3C58-42EC-A9B8-A63F66CC335D}.Release|Any CPU.ActiveCfg = Release|Any CPU
		{A402833E-3C58-42EC-A9B8-A63F66CC335D}.Release|Any CPU.Build.0 = Release|Any CPU
		{12250B50-D2BB-41D5-B808-3C36D841392B}.Debug|Any CPU.ActiveCfg = Debug|Any CPU
		{12250B50-D2BB-41D5-B808-3C36D841392B}.Debug|Any CPU.Build.0 = Debug|Any CPU
		{12250B50-D2BB-41D5-B808-3C36D841392B}.Release|Any CPU.ActiveCfg = Release|Any CPU
		{12250B50-D2BB-41D5-B808-3C36D841392B}.Release|Any CPU.Build.0 = Release|Any CPU
		{393A102E-28A7-4D9E-B58A-7AB327A85EF0}.Debug|Any CPU.ActiveCfg = Debug|Any CPU
		{393A102E-28A7-4D9E-B58A-7AB327A85EF0}.Debug|Any CPU.Build.0 = Debug|Any CPU
		{393A102E-28A7-4D9E-B58A-7AB327A85EF0}.Release|Any CPU.ActiveCfg = Release|Any CPU
		{393A102E-28A7-4D9E-B58A-7AB327A85EF0}.Release|Any CPU.Build.0 = Release|Any CPU
		{84EBEB5D-74DB-423A-9708-75F6EDA18743}.Debug|Any CPU.ActiveCfg = Debug|Any CPU
		{84EBEB5D-74DB-423A-9708-75F6EDA18743}.Debug|Any CPU.Build.0 = Debug|Any CPU
		{84EBEB5D-74DB-423A-9708-75F6EDA18743}.Release|Any CPU.ActiveCfg = Release|Any CPU
		{84EBEB5D-74DB-423A-9708-75F6EDA18743}.Release|Any CPU.Build.0 = Release|Any CPU
		{52EA6193-992D-485E-86CD-ABA344A7A3E4}.Debug|Any CPU.ActiveCfg = Debug|Any CPU
		{52EA6193-992D-485E-86CD-ABA344A7A3E4}.Debug|Any CPU.Build.0 = Debug|Any CPU
		{52EA6193-992D-485E-86CD-ABA344A7A3E4}.Release|Any CPU.ActiveCfg = Release|Any CPU
		{52EA6193-992D-485E-86CD-ABA344A7A3E4}.Release|Any CPU.Build.0 = Release|Any CPU
		{A98FED34-620A-4838-9EAE-AF29B3B0EE11}.Debug|Any CPU.ActiveCfg = Debug|Any CPU
		{A98FED34-620A-4838-9EAE-AF29B3B0EE11}.Debug|Any CPU.Build.0 = Debug|Any CPU
		{A98FED34-620A-4838-9EAE-AF29B3B0EE11}.Release|Any CPU.ActiveCfg = Release|Any CPU
		{A98FED34-620A-4838-9EAE-AF29B3B0EE11}.Release|Any CPU.Build.0 = Release|Any CPU
		{D14E72A5-2C94-4DAE-BD4B-BDAD34BF78FA}.Debug|Any CPU.ActiveCfg = Debug|Any CPU
		{D14E72A5-2C94-4DAE-BD4B-BDAD34BF78FA}.Debug|Any CPU.Build.0 = Debug|Any CPU
		{D14E72A5-2C94-4DAE-BD4B-BDAD34BF78FA}.Release|Any CPU.ActiveCfg = Release|Any CPU
		{D14E72A5-2C94-4DAE-BD4B-BDAD34BF78FA}.Release|Any CPU.Build.0 = Release|Any CPU
		{4F017B20-61DB-4561-8CAF-72E6E2483F09}.Debug|Any CPU.ActiveCfg = Debug|Any CPU
		{4F017B20-61DB-4561-8CAF-72E6E2483F09}.Debug|Any CPU.Build.0 = Debug|Any CPU
		{4F017B20-61DB-4561-8CAF-72E6E2483F09}.Release|Any CPU.ActiveCfg = Release|Any CPU
		{4F017B20-61DB-4561-8CAF-72E6E2483F09}.Release|Any CPU.Build.0 = Release|Any CPU
		{2EDA6580-D9B2-4CD7-AD32-C0EEBEBFA710}.Debug|Any CPU.ActiveCfg = Debug|Any CPU
		{2EDA6580-D9B2-4CD7-AD32-C0EEBEBFA710}.Debug|Any CPU.Build.0 = Debug|Any CPU
		{2EDA6580-D9B2-4CD7-AD32-C0EEBEBFA710}.Release|Any CPU.ActiveCfg = Release|Any CPU
		{2EDA6580-D9B2-4CD7-AD32-C0EEBEBFA710}.Release|Any CPU.Build.0 = Release|Any CPU
		{DCB62C60-1D0F-4405-8ECE-DDCED0BF5E0E}.Debug|Any CPU.ActiveCfg = Debug|Any CPU
		{DCB62C60-1D0F-4405-8ECE-DDCED0BF5E0E}.Debug|Any CPU.Build.0 = Debug|Any CPU
		{DCB62C60-1D0F-4405-8ECE-DDCED0BF5E0E}.Release|Any CPU.ActiveCfg = Release|Any CPU
		{DCB62C60-1D0F-4405-8ECE-DDCED0BF5E0E}.Release|Any CPU.Build.0 = Release|Any CPU
		{764DFB3D-6141-42E5-98BD-6E979E1BAAB5}.Debug|Any CPU.ActiveCfg = Debug|Any CPU
		{764DFB3D-6141-42E5-98BD-6E979E1BAAB5}.Debug|Any CPU.Build.0 = Debug|Any CPU
		{764DFB3D-6141-42E5-98BD-6E979E1BAAB5}.Release|Any CPU.ActiveCfg = Release|Any CPU
		{764DFB3D-6141-42E5-98BD-6E979E1BAAB5}.Release|Any CPU.Build.0 = Release|Any CPU
		{95CCFF6B-8695-4DE4-AAE2-D731FBAD64DA}.Debug|Any CPU.ActiveCfg = Debug|Any CPU
		{95CCFF6B-8695-4DE4-AAE2-D731FBAD64DA}.Debug|Any CPU.Build.0 = Debug|Any CPU
		{95CCFF6B-8695-4DE4-AAE2-D731FBAD64DA}.Release|Any CPU.ActiveCfg = Release|Any CPU
		{95CCFF6B-8695-4DE4-AAE2-D731FBAD64DA}.Release|Any CPU.Build.0 = Release|Any CPU
		{46BB6856-9999-404D-B3E9-8A44217C0D19}.Debug|Any CPU.ActiveCfg = Debug|Any CPU
		{46BB6856-9999-404D-B3E9-8A44217C0D19}.Debug|Any CPU.Build.0 = Debug|Any CPU
		{46BB6856-9999-404D-B3E9-8A44217C0D19}.Release|Any CPU.ActiveCfg = Release|Any CPU
		{46BB6856-9999-404D-B3E9-8A44217C0D19}.Release|Any CPU.Build.0 = Release|Any CPU
		{E6D626AD-AC57-4DA2-992A-E049F4219F31}.Debug|Any CPU.ActiveCfg = Debug|Any CPU
		{E6D626AD-AC57-4DA2-992A-E049F4219F31}.Debug|Any CPU.Build.0 = Debug|Any CPU
		{E6D626AD-AC57-4DA2-992A-E049F4219F31}.Release|Any CPU.ActiveCfg = Release|Any CPU
		{E6D626AD-AC57-4DA2-992A-E049F4219F31}.Release|Any CPU.Build.0 = Release|Any CPU
		{CF72855D-DF36-4ABB-9853-3F4308931677}.Debug|Any CPU.ActiveCfg = Debug|Any CPU
		{CF72855D-DF36-4ABB-9853-3F4308931677}.Debug|Any CPU.Build.0 = Debug|Any CPU
		{CF72855D-DF36-4ABB-9853-3F4308931677}.Release|Any CPU.ActiveCfg = Release|Any CPU
		{CF72855D-DF36-4ABB-9853-3F4308931677}.Release|Any CPU.Build.0 = Release|Any CPU
		{DEE4CF7F-E314-466E-987B-FA4FD811C6FF}.Debug|Any CPU.ActiveCfg = Debug|Any CPU
		{DEE4CF7F-E314-466E-987B-FA4FD811C6FF}.Debug|Any CPU.Build.0 = Debug|Any CPU
		{DEE4CF7F-E314-466E-987B-FA4FD811C6FF}.Release|Any CPU.ActiveCfg = Release|Any CPU
		{DEE4CF7F-E314-466E-987B-FA4FD811C6FF}.Release|Any CPU.Build.0 = Release|Any CPU
		{200EBF2D-3E60-4B58-8AA8-ADD06278FFE2}.Debug|Any CPU.ActiveCfg = Debug|Any CPU
		{200EBF2D-3E60-4B58-8AA8-ADD06278FFE2}.Debug|Any CPU.Build.0 = Debug|Any CPU
		{200EBF2D-3E60-4B58-8AA8-ADD06278FFE2}.Release|Any CPU.ActiveCfg = Release|Any CPU
		{200EBF2D-3E60-4B58-8AA8-ADD06278FFE2}.Release|Any CPU.Build.0 = Release|Any CPU
		{633F8393-33D2-40E9-B699-10E6E37B674D}.Debug|Any CPU.ActiveCfg = Debug|Any CPU
		{633F8393-33D2-40E9-B699-10E6E37B674D}.Debug|Any CPU.Build.0 = Debug|Any CPU
		{633F8393-33D2-40E9-B699-10E6E37B674D}.Release|Any CPU.ActiveCfg = Release|Any CPU
		{633F8393-33D2-40E9-B699-10E6E37B674D}.Release|Any CPU.Build.0 = Release|Any CPU
	EndGlobalSection
	GlobalSection(SolutionProperties) = preSolution
		HideSolutionNode = FALSE
	EndGlobalSection
	GlobalSection(ExtensibilityGlobals) = postSolution
		SolutionGuid = {0E5C5C6B-1EDD-4BBC-BCFE-F318C477E1C2}
	EndGlobalSection
EndGlobal
